
Microsoft Visual Studio Solution File, Format Version 12.00
# Visual Studio 15
VisualStudioVersion = 15.0.28010.2048
MinimumVisualStudioVersion = 10.0.40219.1
Project("{9A19103F-16F7-4668-BE54-9A1E7A4F7556}") = "BurnSystems.Logging", "BurnSystems.Logging\BurnSystems.Logging.csproj", "{F9F79182-4F28-4BD0-96B7-8ED18C83F6C0}"
EndProject
Project("{FAE04EC0-301F-11D3-BF4B-00C04F79EFBC}") = "BurnSystems.Logging.Tests", "BurnSystems.Logging.Tests\BurnSystems.Logging.Tests.csproj", "{6967D617-BA60-408C-B623-28796FBDD166}"
EndProject
Global
	GlobalSection(SolutionConfigurationPlatforms) = preSolution
		Debug|Any CPU = Debug|Any CPU
		Release|Any CPU = Release|Any CPU
	EndGlobalSection
	GlobalSection(ProjectConfigurationPlatforms) = postSolution
		{F9F79182-4F28-4BD0-96B7-8ED18C83F6C0}.Debug|Any CPU.ActiveCfg = Debug|Any CPU
		{F9F79182-4F28-4BD0-96B7-8ED18C83F6C0}.Debug|Any CPU.Build.0 = Debug|Any CPU
		{F9F79182-4F28-4BD0-96B7-8ED18C83F6C0}.Release|Any CPU.ActiveCfg = Release|Any CPU
		{F9F79182-4F28-4BD0-96B7-8ED18C83F6C0}.Release|Any CPU.Build.0 = Release|Any CPU
		{6967D617-BA60-408C-B623-28796FBDD166}.Debug|Any CPU.ActiveCfg = Debug|Any CPU
		{6967D617-BA60-408C-B623-28796FBDD166}.Debug|Any CPU.Build.0 = Debug|Any CPU
		{6967D617-BA60-408C-B623-28796FBDD166}.Release|Any CPU.ActiveCfg = Release|Any CPU
		{6967D617-BA60-408C-B623-28796FBDD166}.Release|Any CPU.Build.0 = Release|Any CPU
	EndGlobalSection
	GlobalSection(SolutionProperties) = preSolution
		HideSolutionNode = FALSE
	EndGlobalSection
	GlobalSection(ExtensibilityGlobals) = postSolution
		SolutionGuid = {535BA292-0217-446F-8618-50A0AAF6EEE9}
	EndGlobalSection
EndGlobal
